
Microsoft Visual Studio Solution File, Format Version 12.00
# Visual Studio Version 16
VisualStudioVersion = 16.0.31129.286
MinimumVisualStudioVersion = 10.0.40219.1
Project("{FAE04EC0-301F-11D3-BF4B-00C04F79EFBC}") = "MySqlDataImporter", "MySqlDataImporter\MySqlDataImporter.csproj", "{87589361-13C4-4F53-8073-23A013509535}"
	ProjectSection(ProjectDependencies) = postProject
		{DC2840DB-9CB7-4A05-BF05-A6E20B189906} = {DC2840DB-9CB7-4A05-BF05-A6E20B189906}
	EndProjectSection
EndProject
Project("{FAE04EC0-301F-11D3-BF4B-00C04F79EFBC}") = "ImportExportDataLibrary", "ImportExportDataLibrary\ImportExportDataLibrary.csproj", "{DC2840DB-9CB7-4A05-BF05-A6E20B189906}"
EndProject
Project("{FAE04EC0-301F-11D3-BF4B-00C04F79EFBC}") = "DataExporter", "DataExporter\DataExporter.csproj", "{BB28AF97-B0EB-482D-AFF6-6EAA98E2C775}"
	ProjectSection(ProjectDependencies) = postProject
		{DC2840DB-9CB7-4A05-BF05-A6E20B189906} = {DC2840DB-9CB7-4A05-BF05-A6E20B189906}
	EndProjectSection
EndProject
Global
	GlobalSection(SolutionConfigurationPlatforms) = preSolution
		Debug|Any CPU = Debug|Any CPU
		Release|Any CPU = Release|Any CPU
	EndGlobalSection
	GlobalSection(ProjectConfigurationPlatforms) = postSolution
		{87589361-13C4-4F53-8073-23A013509535}.Debug|Any CPU.ActiveCfg = Debug|Any CPU
		{87589361-13C4-4F53-8073-23A013509535}.Debug|Any CPU.Build.0 = Debug|Any CPU
		{87589361-13C4-4F53-8073-23A013509535}.Release|Any CPU.ActiveCfg = Release|Any CPU
		{87589361-13C4-4F53-8073-23A013509535}.Release|Any CPU.Build.0 = Release|Any CPU
		{DC2840DB-9CB7-4A05-BF05-A6E20B189906}.Debug|Any CPU.ActiveCfg = Debug|Any CPU
		{DC2840DB-9CB7-4A05-BF05-A6E20B189906}.Debug|Any CPU.Build.0 = Debug|Any CPU
		{DC2840DB-9CB7-4A05-BF05-A6E20B189906}.Release|Any CPU.ActiveCfg = Release|Any CPU
		{DC2840DB-9CB7-4A05-BF05-A6E20B189906}.Release|Any CPU.Build.0 = Release|Any CPU
		{BB28AF97-B0EB-482D-AFF6-6EAA98E2C775}.Debug|Any CPU.ActiveCfg = Debug|Any CPU
		{BB28AF97-B0EB-482D-AFF6-6EAA98E2C775}.Debug|Any CPU.Build.0 = Debug|Any CPU
		{BB28AF97-B0EB-482D-AFF6-6EAA98E2C775}.Release|Any CPU.ActiveCfg = Release|Any CPU
		{BB28AF97-B0EB-482D-AFF6-6EAA98E2C775}.Release|Any CPU.Build.0 = Release|Any CPU
	EndGlobalSection
	GlobalSection(SolutionProperties) = preSolution
		HideSolutionNode = FALSE
	EndGlobalSection
	GlobalSection(ExtensibilityGlobals) = postSolution
		SolutionGuid = {380F5C7B-D3E4-48E0-BBDC-72F5B4EFBC7E}
	EndGlobalSection
EndGlobal
